// !$*UTF8*$!
{
	archiveVersion = 1;
	classes = {
	};
	objectVersion = 56;
	objects = {

/* Begin PBXBuildFile section */
		049652862A0E7BFE0071E42C /* TabBar.swift in Sources */ = {isa = PBXBuildFile; fileRef = 049652852A0E7BFE0071E42C /* TabBar.swift */; };
		049652952A0E8C8E0071E42C /* MapDetailView.swift in Sources */ = {isa = PBXBuildFile; fileRef = 049652942A0E8C8E0071E42C /* MapDetailView.swift */; };
		049652A52A0E90B30071E42C /* CategoryView.swift in Sources */ = {isa = PBXBuildFile; fileRef = 049652A42A0E90B30071E42C /* CategoryView.swift */; };
		049652A72A0E9C740071E42C /* BusinessList.swift in Sources */ = {isa = PBXBuildFile; fileRef = 049652A62A0E9C740071E42C /* BusinessList.swift */; };
		04B37DE12A0C1F4200E06DA2 /* SettingsView.swift in Sources */ = {isa = PBXBuildFile; fileRef = 04B37DE02A0C1F4200E06DA2 /* SettingsView.swift */; };
		04D3EA6D2A0BF6EC00178499 /* PlacesearchApp.swift in Sources */ = {isa = PBXBuildFile; fileRef = 04D3EA6C2A0BF6EC00178499 /* PlacesearchApp.swift */; };
		04D3EA6F2A0BF6EC00178499 /* LaunchView.swift in Sources */ = {isa = PBXBuildFile; fileRef = 04D3EA6E2A0BF6EC00178499 /* LaunchView.swift */; };
		04D3EA712A0BF6EE00178499 /* Assets.xcassets in Resources */ = {isa = PBXBuildFile; fileRef = 04D3EA702A0BF6EE00178499 /* Assets.xcassets */; };
		04D3EA742A0BF6EE00178499 /* Preview Assets.xcassets in Resources */ = {isa = PBXBuildFile; fileRef = 04D3EA732A0BF6EE00178499 /* Preview Assets.xcassets */; };
		04D3EA7F2A0BF77C00178499 /* Business.swift in Sources */ = {isa = PBXBuildFile; fileRef = 04D3EA7E2A0BF77C00178499 /* Business.swift */; };
		04D3EA812A0BF83700178499 /* ContentModel.swift in Sources */ = {isa = PBXBuildFile; fileRef = 04D3EA802A0BF83700178499 /* ContentModel.swift */; };
		04D3EA842A0BFF4700178499 /* Constants.swift in Sources */ = {isa = PBXBuildFile; fileRef = 04D3EA832A0BFF4700178499 /* Constants.swift */; };
		04D3EA862A0C05A300178499 /* BusinessSearch.swift in Sources */ = {isa = PBXBuildFile; fileRef = 04D3EA852A0C05A300178499 /* BusinessSearch.swift */; };
		04D871DB2A12308E00664CA5 /* HomeView.swift in Sources */ = {isa = PBXBuildFile; fileRef = 04D871DA2A12308E00664CA5 /* HomeView.swift */; };
		04D871DE2A12331D00664CA5 /* MostRatingView.swift in Sources */ = {isa = PBXBuildFile; fileRef = 04D871DD2A12331D00664CA5 /* MostRatingView.swift */; };
		04D871E02A12481600664CA5 /* DeliveryAvailableView.swift in Sources */ = {isa = PBXBuildFile; fileRef = 04D871DF2A12481600664CA5 /* DeliveryAvailableView.swift */; };
		04D871E22A124ED700664CA5 /* BusinessMap.swift in Sources */ = {isa = PBXBuildFile; fileRef = 04D871E12A124ED700664CA5 /* BusinessMap.swift */; };
		04E36ECB2A10D6A600805972 /* BusinessRow.swift in Sources */ = {isa = PBXBuildFile; fileRef = 04E36ECA2A10D6A600805972 /* BusinessRow.swift */; };
		04E36ECD2A10DD4A00805972 /* BusinessDetail.swift in Sources */ = {isa = PBXBuildFile; fileRef = 04E36ECC2A10DD4A00805972 /* BusinessDetail.swift */; };
/* End PBXBuildFile section */

/* Begin PBXFileReference section */
		049652852A0E7BFE0071E42C /* TabBar.swift */ = {isa = PBXFileReference; lastKnownFileType = sourcecode.swift; path = TabBar.swift; sourceTree = "<group>"; };
		049652942A0E8C8E0071E42C /* MapDetailView.swift */ = {isa = PBXFileReference; lastKnownFileType = sourcecode.swift; path = MapDetailView.swift; sourceTree = "<group>"; };
		049652A42A0E90B30071E42C /* CategoryView.swift */ = {isa = PBXFileReference; lastKnownFileType = sourcecode.swift; path = CategoryView.swift; sourceTree = "<group>"; };
		049652A62A0E9C740071E42C /* BusinessList.swift */ = {isa = PBXFileReference; lastKnownFileType = sourcecode.swift; path = BusinessList.swift; sourceTree = "<group>"; };
		04B37DE02A0C1F4200E06DA2 /* SettingsView.swift */ = {isa = PBXFileReference; lastKnownFileType = sourcecode.swift; path = SettingsView.swift; sourceTree = "<group>"; };
		04D3EA692A0BF6EC00178499 /* Placesearch.app */ = {isa = PBXFileReference; explicitFileType = wrapper.application; includeInIndex = 0; path = Placesearch.app; sourceTree = BUILT_PRODUCTS_DIR; };
		04D3EA6C2A0BF6EC00178499 /* PlacesearchApp.swift */ = {isa = PBXFileReference; lastKnownFileType = sourcecode.swift; path = PlacesearchApp.swift; sourceTree = "<group>"; };
		04D3EA6E2A0BF6EC00178499 /* LaunchView.swift */ = {isa = PBXFileReference; lastKnownFileType = sourcecode.swift; path = LaunchView.swift; sourceTree = "<group>"; };
		04D3EA702A0BF6EE00178499 /* Assets.xcassets */ = {isa = PBXFileReference; lastKnownFileType = folder.assetcatalog; path = Assets.xcassets; sourceTree = "<group>"; };
		04D3EA732A0BF6EE00178499 /* Preview Assets.xcassets */ = {isa = PBXFileReference; lastKnownFileType = folder.assetcatalog; path = "Preview Assets.xcassets"; sourceTree = "<group>"; };
		04D3EA7E2A0BF77C00178499 /* Business.swift */ = {isa = PBXFileReference; lastKnownFileType = sourcecode.swift; path = Business.swift; sourceTree = "<group>"; };
		04D3EA802A0BF83700178499 /* ContentModel.swift */ = {isa = PBXFileReference; lastKnownFileType = sourcecode.swift; path = ContentModel.swift; sourceTree = "<group>"; };
		04D3EA832A0BFF4700178499 /* Constants.swift */ = {isa = PBXFileReference; lastKnownFileType = sourcecode.swift; path = Constants.swift; sourceTree = "<group>"; };
		04D3EA852A0C05A300178499 /* BusinessSearch.swift */ = {isa = PBXFileReference; lastKnownFileType = sourcecode.swift; path = BusinessSearch.swift; sourceTree = "<group>"; };
		04D871DA2A12308E00664CA5 /* HomeView.swift */ = {isa = PBXFileReference; lastKnownFileType = sourcecode.swift; path = HomeView.swift; sourceTree = "<group>"; };
		04D871DD2A12331D00664CA5 /* MostRatingView.swift */ = {isa = PBXFileReference; lastKnownFileType = sourcecode.swift; path = MostRatingView.swift; sourceTree = "<group>"; };
		04D871DF2A12481600664CA5 /* DeliveryAvailableView.swift */ = {isa = PBXFileReference; lastKnownFileType = sourcecode.swift; path = DeliveryAvailableView.swift; sourceTree = "<group>"; };
		04D871E12A124ED700664CA5 /* BusinessMap.swift */ = {isa = PBXFileReference; lastKnownFileType = sourcecode.swift; path = BusinessMap.swift; sourceTree = "<group>"; };
		04E36ECA2A10D6A600805972 /* BusinessRow.swift */ = {isa = PBXFileReference; lastKnownFileType = sourcecode.swift; path = BusinessRow.swift; sourceTree = "<group>"; };
		04E36ECC2A10DD4A00805972 /* BusinessDetail.swift */ = {isa = PBXFileReference; lastKnownFileType = sourcecode.swift; path = BusinessDetail.swift; sourceTree = "<group>"; };
/* End PBXFileReference section */

/* Begin PBXFrameworksBuildPhase section */
		04D3EA662A0BF6EC00178499 /* Frameworks */ = {
			isa = PBXFrameworksBuildPhase;
			buildActionMask = 2147483647;
			files = (
			);
			runOnlyForDeploymentPostprocessing = 0;
		};
/* End PBXFrameworksBuildPhase section */

/* Begin PBXGroup section */
		049652932A0E8B170071E42C /* TabBar */ = {
			isa = PBXGroup;
			children = (
				049652852A0E7BFE0071E42C /* TabBar.swift */,
			);
			path = TabBar;
			sourceTree = "<group>";
		};
		049652A12A0E8E990071E42C /* List */ = {
			isa = PBXGroup;
			children = (
				049652A42A0E90B30071E42C /* CategoryView.swift */,
				049652A62A0E9C740071E42C /* BusinessList.swift */,
				04E36ECA2A10D6A600805972 /* BusinessRow.swift */,
				04E36ECC2A10DD4A00805972 /* BusinessDetail.swift */,
			);
			path = List;
			sourceTree = "<group>";
		};
		04B37DDC2A0C182700E06DA2 /* Map */ = {
			isa = PBXGroup;
			children = (
				04D871E12A124ED700664CA5 /* BusinessMap.swift */,
				049652942A0E8C8E0071E42C /* MapDetailView.swift */,
				049652A12A0E8E990071E42C /* List */,
			);
			path = Map;
			sourceTree = "<group>";
		};
		04B37DDF2A0C1F3400E06DA2 /* Settings */ = {
			isa = PBXGroup;
			children = (
				04B37DE02A0C1F4200E06DA2 /* SettingsView.swift */,
			);
			path = Settings;
			sourceTree = "<group>";
		};
		04D3EA602A0BF6EB00178499 = {
			isa = PBXGroup;
			children = (
				04D3EA6C2A0BF6EC00178499 /* PlacesearchApp.swift */,
				04D3EA6E2A0BF6EC00178499 /* LaunchView.swift */,
				04D3EA6B2A0BF6EC00178499 /* Placesearch */,
				04D3EA6A2A0BF6EC00178499 /* Products */,
			);
			sourceTree = "<group>";
		};
		04D3EA6A2A0BF6EC00178499 /* Products */ = {
			isa = PBXGroup;
			children = (
				04D3EA692A0BF6EC00178499 /* Placesearch.app */,
			);
			name = Products;
			sourceTree = "<group>";
		};
		04D3EA6B2A0BF6EC00178499 /* Placesearch */ = {
			isa = PBXGroup;
			children = (
				04D3EA822A0BFF3400178499 /* Helpers */,
				04D3EA7A2A0BF74900178499 /* Views */,
				04D3EA7C2A0BF75800178499 /* ViewModels */,
				04D3EA7B2A0BF75100178499 /* Models */,
				04D3EA702A0BF6EE00178499 /* Assets.xcassets */,
				04D3EA722A0BF6EE00178499 /* Preview Content */,
			);
			path = Placesearch;
			sourceTree = "<group>";
		};
		04D3EA722A0BF6EE00178499 /* Preview Content */ = {
			isa = PBXGroup;
			children = (
				04D3EA732A0BF6EE00178499 /* Preview Assets.xcassets */,
			);
			path = "Preview Content";
			sourceTree = "<group>";
		};
		04D3EA7A2A0BF74900178499 /* Views */ = {
			isa = PBXGroup;
			children = (
				04D871DC2A12330400664CA5 /* Home */,
				049652932A0E8B170071E42C /* TabBar */,
				04B37DDF2A0C1F3400E06DA2 /* Settings */,
				04B37DDC2A0C182700E06DA2 /* Map */,
			);
			path = Views;
			sourceTree = "<group>";
		};
		04D3EA7B2A0BF75100178499 /* Models */ = {
			isa = PBXGroup;
			children = (
				04D3EA7E2A0BF77C00178499 /* Business.swift */,
				04D3EA852A0C05A300178499 /* BusinessSearch.swift */,
			);
			path = Models;
			sourceTree = "<group>";
		};
		04D3EA7C2A0BF75800178499 /* ViewModels */ = {
			isa = PBXGroup;
			children = (
				04D3EA802A0BF83700178499 /* ContentModel.swift */,
			);
			path = ViewModels;
			sourceTree = "<group>";
		};
		04D3EA822A0BFF3400178499 /* Helpers */ = {
			isa = PBXGroup;
			children = (
				04D3EA832A0BFF4700178499 /* Constants.swift */,
			);
			path = Helpers;
			sourceTree = "<group>";
		};
		04D871DC2A12330400664CA5 /* Home */ = {
			isa = PBXGroup;
			children = (
				04D871DA2A12308E00664CA5 /* HomeView.swift */,
				04D871DD2A12331D00664CA5 /* MostRatingView.swift */,
				04D871DF2A12481600664CA5 /* DeliveryAvailableView.swift */,
			);
			path = Home;
			sourceTree = "<group>";
		};
/* End PBXGroup section */

/* Begin PBXNativeTarget section */
		04D3EA682A0BF6EC00178499 /* Placesearch */ = {
			isa = PBXNativeTarget;
			buildConfigurationList = 04D3EA772A0BF6EE00178499 /* Build configuration list for PBXNativeTarget "Placesearch" */;
			buildPhases = (
				04D3EA652A0BF6EC00178499 /* Sources */,
				04D3EA662A0BF6EC00178499 /* Frameworks */,
				04D3EA672A0BF6EC00178499 /* Resources */,
			);
			buildRules = (
			);
			dependencies = (
			);
			name = Placesearch;
			productName = Placesearch;
			productReference = 04D3EA692A0BF6EC00178499 /* Placesearch.app */;
			productType = "com.apple.product-type.application";
		};
/* End PBXNativeTarget section */

/* Begin PBXProject section */
		04D3EA612A0BF6EB00178499 /* Project object */ = {
			isa = PBXProject;
			attributes = {
				BuildIndependentTargetsInParallel = 1;
				LastSwiftUpdateCheck = 1420;
				LastUpgradeCheck = 1420;
				TargetAttributes = {
					04D3EA682A0BF6EC00178499 = {
						CreatedOnToolsVersion = 14.2;
					};
				};
			};
			buildConfigurationList = 04D3EA642A0BF6EB00178499 /* Build configuration list for PBXProject "Placesearch" */;
			compatibilityVersion = "Xcode 14.0";
			developmentRegion = en;
			hasScannedForEncodings = 0;
			knownRegions = (
				en,
				Base,
			);
			mainGroup = 04D3EA602A0BF6EB00178499;
			productRefGroup = 04D3EA6A2A0BF6EC00178499 /* Products */;
			projectDirPath = "";
			projectRoot = "";
			targets = (
				04D3EA682A0BF6EC00178499 /* Placesearch */,
			);
		};
/* End PBXProject section */

/* Begin PBXResourcesBuildPhase section */
		04D3EA672A0BF6EC00178499 /* Resources */ = {
			isa = PBXResourcesBuildPhase;
			buildActionMask = 2147483647;
			files = (
				04D3EA742A0BF6EE00178499 /* Preview Assets.xcassets in Resources */,
				04D3EA712A0BF6EE00178499 /* Assets.xcassets in Resources */,
			);
			runOnlyForDeploymentPostprocessing = 0;
		};
/* End PBXResourcesBuildPhase section */

/* Begin PBXSourcesBuildPhase section */
		04D3EA652A0BF6EC00178499 /* Sources */ = {
			isa = PBXSourcesBuildPhase;
			buildActionMask = 2147483647;
			files = (
				04E36ECD2A10DD4A00805972 /* BusinessDetail.swift in Sources */,
				04D871DE2A12331D00664CA5 /* MostRatingView.swift in Sources */,
				04D871DB2A12308E00664CA5 /* HomeView.swift in Sources */,
				04D3EA842A0BFF4700178499 /* Constants.swift in Sources */,
				04D3EA7F2A0BF77C00178499 /* Business.swift in Sources */,
				04E36ECB2A10D6A600805972 /* BusinessRow.swift in Sources */,
				04D871E02A12481600664CA5 /* DeliveryAvailableView.swift in Sources */,
				04D871E22A124ED700664CA5 /* BusinessMap.swift in Sources */,
				04D3EA812A0BF83700178499 /* ContentModel.swift in Sources */,
				04B37DE12A0C1F4200E06DA2 /* SettingsView.swift in Sources */,
				049652A52A0E90B30071E42C /* CategoryView.swift in Sources */,
				04D3EA6F2A0BF6EC00178499 /* LaunchView.swift in Sources */,
				04D3EA6D2A0BF6EC00178499 /* PlacesearchApp.swift in Sources */,
				04D3EA862A0C05A300178499 /* BusinessSearch.swift in Sources */,
				049652952A0E8C8E0071E42C /* MapDetailView.swift in Sources */,
				049652A72A0E9C740071E42C /* BusinessList.swift in Sources */,
				049652862A0E7BFE0071E42C /* TabBar.swift in Sources */,
			);
			runOnlyForDeploymentPostprocessing = 0;
		};
/* End PBXSourcesBuildPhase section */

/* Begin XCBuildConfiguration section */
		04D3EA752A0BF6EE00178499 /* Debug */ = {
			isa = XCBuildConfiguration;
			buildSettings = {
				ALWAYS_SEARCH_USER_PATHS = NO;
				CLANG_ANALYZER_NONNULL = YES;
				CLANG_ANALYZER_NUMBER_OBJECT_CONVERSION = YES_AGGRESSIVE;
				CLANG_CXX_LANGUAGE_STANDARD = "gnu++20";
				CLANG_ENABLE_MODULES = YES;
				CLANG_ENABLE_OBJC_ARC = YES;
				CLANG_ENABLE_OBJC_WEAK = YES;
				CLANG_WARN_BLOCK_CAPTURE_AUTORELEASING = YES;
				CLANG_WARN_BOOL_CONVERSION = YES;
				CLANG_WARN_COMMA = YES;
				CLANG_WARN_CONSTANT_CONVERSION = YES;
				CLANG_WARN_DEPRECATED_OBJC_IMPLEMENTATIONS = YES;
				CLANG_WARN_DIRECT_OBJC_ISA_USAGE = YES_ERROR;
				CLANG_WARN_DOCUMENTATION_COMMENTS = YES;
				CLANG_WARN_EMPTY_BODY = YES;
				CLANG_WARN_ENUM_CONVERSION = YES;
				CLANG_WARN_INFINITE_RECURSION = YES;
				CLANG_WARN_INT_CONVERSION = YES;
				CLANG_WARN_NON_LITERAL_NULL_CONVERSION = YES;
				CLANG_WARN_OBJC_IMPLICIT_RETAIN_SELF = YES;
				CLANG_WARN_OBJC_LITERAL_CONVERSION = YES;
				CLANG_WARN_OBJC_ROOT_CLASS = YES_ERROR;
				CLANG_WARN_QUOTED_INCLUDE_IN_FRAMEWORK_HEADER = YES;
				CLANG_WARN_RANGE_LOOP_ANALYSIS = YES;
				CLANG_WARN_STRICT_PROTOTYPES = YES;
				CLANG_WARN_SUSPICIOUS_MOVE = YES;
				CLANG_WARN_UNGUARDED_AVAILABILITY = YES_AGGRESSIVE;
				CLANG_WARN_UNREACHABLE_CODE = YES;
				CLANG_WARN__DUPLICATE_METHOD_MATCH = YES;
				COPY_PHASE_STRIP = NO;
				DEBUG_INFORMATION_FORMAT = dwarf;
				ENABLE_STRICT_OBJC_MSGSEND = YES;
				ENABLE_TESTABILITY = YES;
				GCC_C_LANGUAGE_STANDARD = gnu11;
				GCC_DYNAMIC_NO_PIC = NO;
				GCC_NO_COMMON_BLOCKS = YES;
				GCC_OPTIMIZATION_LEVEL = 0;
				GCC_PREPROCESSOR_DEFINITIONS = (
					"DEBUG=1",
					"$(inherited)",
				);
				GCC_WARN_64_TO_32_BIT_CONVERSION = YES;
				GCC_WARN_ABOUT_RETURN_TYPE = YES_ERROR;
				GCC_WARN_UNDECLARED_SELECTOR = YES;
				GCC_WARN_UNINITIALIZED_AUTOS = YES_AGGRESSIVE;
				GCC_WARN_UNUSED_FUNCTION = YES;
				GCC_WARN_UNUSED_VARIABLE = YES;
				IPHONEOS_DEPLOYMENT_TARGET = 16.2;
				MTL_ENABLE_DEBUG_INFO = INCLUDE_SOURCE;
				MTL_FAST_MATH = YES;
				ONLY_ACTIVE_ARCH = YES;
				SDKROOT = iphoneos;
				SWIFT_ACTIVE_COMPILATION_CONDITIONS = DEBUG;
				SWIFT_OPTIMIZATION_LEVEL = "-Onone";
			};
			name = Debug;
		};
		04D3EA762A0BF6EE00178499 /* Release */ = {
			isa = XCBuildConfiguration;
			buildSettings = {
				ALWAYS_SEARCH_USER_PATHS = NO;
				CLANG_ANALYZER_NONNULL = YES;
				CLANG_ANALYZER_NUMBER_OBJECT_CONVERSION = YES_AGGRESSIVE;
				CLANG_CXX_LANGUAGE_STANDARD = "gnu++20";
				CLANG_ENABLE_MODULES = YES;
				CLANG_ENABLE_OBJC_ARC = YES;
				CLANG_ENABLE_OBJC_WEAK = YES;
				CLANG_WARN_BLOCK_CAPTURE_AUTORELEASING = YES;
				CLANG_WARN_BOOL_CONVERSION = YES;
				CLANG_WARN_COMMA = YES;
				CLANG_WARN_CONSTANT_CONVERSION = YES;
				CLANG_WARN_DEPRECATED_OBJC_IMPLEMENTATIONS = YES;
				CLANG_WARN_DIRECT_OBJC_ISA_USAGE = YES_ERROR;
				CLANG_WARN_DOCUMENTATION_COMMENTS = YES;
				CLANG_WARN_EMPTY_BODY = YES;
				CLANG_WARN_ENUM_CONVERSION = YES;
				CLANG_WARN_INFINITE_RECURSION = YES;
				CLANG_WARN_INT_CONVERSION = YES;
				CLANG_WARN_NON_LITERAL_NULL_CONVERSION = YES;
				CLANG_WARN_OBJC_IMPLICIT_RETAIN_SELF = YES;
				CLANG_WARN_OBJC_LITERAL_CONVERSION = YES;
				CLANG_WARN_OBJC_ROOT_CLASS = YES_ERROR;
				CLANG_WARN_QUOTED_INCLUDE_IN_FRAMEWORK_HEADER = YES;
				CLANG_WARN_RANGE_LOOP_ANALYSIS = YES;
				CLANG_WARN_STRICT_PROTOTYPES = YES;
				CLANG_WARN_SUSPICIOUS_MOVE = YES;
				CLANG_WARN_UNGUARDED_AVAILABILITY = YES_AGGRESSIVE;
				CLANG_WARN_UNREACHABLE_CODE = YES;
				CLANG_WARN__DUPLICATE_METHOD_MATCH = YES;
				COPY_PHASE_STRIP = NO;
				DEBUG_INFORMATION_FORMAT = "dwarf-with-dsym";
				ENABLE_NS_ASSERTIONS = NO;
				ENABLE_STRICT_OBJC_MSGSEND = YES;
				GCC_C_LANGUAGE_STANDARD = gnu11;
				GCC_NO_COMMON_BLOCKS = YES;
				GCC_WARN_64_TO_32_BIT_CONVERSION = YES;
				GCC_WARN_ABOUT_RETURN_TYPE = YES_ERROR;
				GCC_WARN_UNDECLARED_SELECTOR = YES;
				GCC_WARN_UNINITIALIZED_AUTOS = YES_AGGRESSIVE;
				GCC_WARN_UNUSED_FUNCTION = YES;
				GCC_WARN_UNUSED_VARIABLE = YES;
				IPHONEOS_DEPLOYMENT_TARGET = 16.2;
				MTL_ENABLE_DEBUG_INFO = NO;
				MTL_FAST_MATH = YES;
				SDKROOT = iphoneos;
				SWIFT_COMPILATION_MODE = wholemodule;
				SWIFT_OPTIMIZATION_LEVEL = "-O";
				VALIDATE_PRODUCT = YES;
			};
			name = Release;
		};
		04D3EA782A0BF6EE00178499 /* Debug */ = {
			isa = XCBuildConfiguration;
			buildSettings = {
				ASSETCATALOG_COMPILER_APPICON_NAME = AppIcon;
				ASSETCATALOG_COMPILER_GLOBAL_ACCENT_COLOR_NAME = AccentColor;
				CODE_SIGN_STYLE = Automatic;
				CURRENT_PROJECT_VERSION = 1;
				DEVELOPMENT_ASSET_PATHS = "\"Placesearch/Preview Content\"";
				ENABLE_PREVIEWS = YES;
				GENERATE_INFOPLIST_FILE = YES;
				INFOPLIST_KEY_NSLocationWhenInUseUsageDescription = "Grant permission to find famous place";
				INFOPLIST_KEY_UIApplicationSceneManifest_Generation = YES;
				INFOPLIST_KEY_UIApplicationSupportsIndirectInputEvents = YES;
				INFOPLIST_KEY_UILaunchScreen_Generation = YES;
				INFOPLIST_KEY_UISupportedInterfaceOrientations_iPad = "UIInterfaceOrientationPortrait UIInterfaceOrientationPortraitUpsideDown UIInterfaceOrientationLandscapeLeft UIInterfaceOrientationLandscapeRight";
				INFOPLIST_KEY_UISupportedInterfaceOrientations_iPhone = "UIInterfaceOrientationPortrait UIInterfaceOrientationLandscapeLeft UIInterfaceOrientationLandscapeRight";
				LD_RUNPATH_SEARCH_PATHS = (
					"$(inherited)",
					"@executable_path/Frameworks",
				);
				MARKETING_VERSION = 1.0;
				PRODUCT_BUNDLE_IDENTIFIER = pl.smoscicki.Placesearch;
				PRODUCT_NAME = "$(TARGET_NAME)";
				SWIFT_EMIT_LOC_STRINGS = YES;
				SWIFT_VERSION = 5.0;
				TARGETED_DEVICE_FAMILY = "1,2";
			};
			name = Debug;
		};
		04D3EA792A0BF6EE00178499 /* Release */ = {
			isa = XCBuildConfiguration;
			buildSettings = {
				ASSETCATALOG_COMPILER_APPICON_NAME = AppIcon;
				ASSETCATALOG_COMPILER_GLOBAL_ACCENT_COLOR_NAME = AccentColor;
				CODE_SIGN_STYLE = Automatic;
				CURRENT_PROJECT_VERSION = 1;
				DEVELOPMENT_ASSET_PATHS = "\"Placesearch/Preview Content\"";
				ENABLE_PREVIEWS = YES;
				GENERATE_INFOPLIST_FILE = YES;
				INFOPLIST_KEY_NSLocationWhenInUseUsageDescription = "Grant permission to find famous place";
				INFOPLIST_KEY_UIApplicationSceneManifest_Generation = YES;
				INFOPLIST_KEY_UIApplicationSupportsIndirectInputEvents = YES;
				INFOPLIST_KEY_UILaunchScreen_Generation = YES;
				INFOPLIST_KEY_UISupportedInterfaceOrientations_iPad = "UIInterfaceOrientationPortrait UIInterfaceOrientationPortraitUpsideDown UIInterfaceOrientationLandscapeLeft UIInterfaceOrientationLandscapeRight";
				INFOPLIST_KEY_UISupportedInterfaceOrientations_iPhone = "UIInterfaceOrientationPortrait UIInterfaceOrientationLandscapeLeft UIInterfaceOrientationLandscapeRight";
				LD_RUNPATH_SEARCH_PATHS = (
					"$(inherited)",
					"@executable_path/Frameworks",
				);
				MARKETING_VERSION = 1.0;
				PRODUCT_BUNDLE_IDENTIFIER = pl.smoscicki.Placesearch;
				PRODUCT_NAME = "$(TARGET_NAME)";
				SWIFT_EMIT_LOC_STRINGS = YES;
				SWIFT_VERSION = 5.0;
				TARGETED_DEVICE_FAMILY = "1,2";
			};
			name = Release;
		};
/* End XCBuildConfiguration section */

/* Begin XCConfigurationList section */
		04D3EA642A0BF6EB00178499 /* Build configuration list for PBXProject "Placesearch" */ = {
			isa = XCConfigurationList;
			buildConfigurations = (
				04D3EA752A0BF6EE00178499 /* Debug */,
				04D3EA762A0BF6EE00178499 /* Release */,
			);
			defaultConfigurationIsVisible = 0;
			defaultConfigurationName = Release;
		};
		04D3EA772A0BF6EE00178499 /* Build configuration list for PBXNativeTarget "Placesearch" */ = {
			isa = XCConfigurationList;
			buildConfigurations = (
				04D3EA782A0BF6EE00178499 /* Debug */,
				04D3EA792A0BF6EE00178499 /* Release */,
			);
			defaultConfigurationIsVisible = 0;
			defaultConfigurationName = Release;
		};
/* End XCConfigurationList section */
	};
	rootObject = 04D3EA612A0BF6EB00178499 /* Project object */;
}
